# THIS IS AN AUTOGENERATED FILE. DO NOT EDIT THIS FILE DIRECTLY.
# yarn lockfile v1


commander@2.8.x:
  version "2.8.1"
  resolved "https://registry.yarnpkg.com/commander/-/commander-2.8.1.tgz#06be367febfda0c330aa1e2a072d3dc9762425d4"
  dependencies:
    graceful-readlink ">= 1.0.0"

"graceful-readlink@>= 1.0.0":
  version "1.0.1"
  resolved "https://registry.yarnpkg.com/graceful-readlink/-/graceful-readlink-1.0.1.tgz#4cafad76bc62f02fa039b2f94e9a3dd3a391a725"

ramda@0.19.x:
  version "0.19.1"
  resolved "https://registry.yarnpkg.com/ramda/-/ramda-0.19.1.tgz#89c4ad697265ff6b1face9f286439e2520d6679c"

transcribe@^1.1.1:
  version "1.1.1"
  resolved "https://registry.yarnpkg.com/transcribe/-/transcribe-1.1.1.tgz#f4135507e7386e505efd0a1d4724a5925bc81e76"
  dependencies:
    commander "2.8.x"
    ramda "0.19.x"
